
Microsoft Visual Studio Solution File, Format Version 12.00
# Visual Studio Version 16
VisualStudioVersion = 16.0.28922.388
MinimumVisualStudioVersion = 10.0.40219.1
Project("{FAE04EC0-301F-11D3-BF4B-00C04F79EFBC}") = "HMIWindows", "HMIWindows\HMIWindows.csproj", "{4A32D099-37E3-4A74-A605-67732B277178}"
EndProject
Global
	GlobalSection(SolutionConfigurationPlatforms) = preSolution
		Debug|Any CPU = Debug|Any CPU
		Release|Any CPU = Release|Any CPU
	EndGlobalSection
	GlobalSection(ProjectConfigurationPlatforms) = postSolution
		{4A32D099-37E3-4A74-A605-67732B277178}.Debug|Any CPU.ActiveCfg = Debug|Any CPU
		{4A32D099-37E3-4A74-A605-67732B277178}.Debug|Any CPU.Build.0 = Debug|Any CPU
		{4A32D099-37E3-4A74-A605-67732B277178}.Release|Any CPU.ActiveCfg = Release|Any CPU
		{4A32D099-37E3-4A74-A605-67732B277178}.Release|Any CPU.Build.0 = Release|Any CPU
	EndGlobalSection
	GlobalSection(SolutionProperties) = preSolution
		HideSolutionNode = FALSE
	EndGlobalSection
	GlobalSection(ExtensibilityGlobals) = postSolution
		SolutionGuid = {C378F15E-D804-431E-93FF-1C273E115FE2}
	EndGlobalSection
EndGlobal
